// !$*UTF8*$!
{
	archiveVersion = 1;
	classes = {
	};
	objectVersion = 46;
	objects = {

/* Begin PBXBuildFile section */
		FAC52FDB1DCB5BB800835B4F /* main.c in Sources */ = {isa = PBXBuildFile; fileRef = FAC52FDA1DCB5BB800835B4F /* main.c */; };
/* End PBXBuildFile section */

/* Begin PBXCopyFilesBuildPhase section */
		FAC52FD51DCB5BB800835B4F /* CopyFiles */ = {
			isa = PBXCopyFilesBuildPhase;
			buildActionMask = 2147483647;
			dstPath = /usr/share/man/man1/;
			dstSubfolderSpec = 0;
			files = (
			);
			runOnlyForDeploymentPostprocessing = 1;
		};
/* End PBXCopyFilesBuildPhase section */

/* Begin PBXFileReference section */
		FAC52FD71DCB5BB800835B4F /* liang31.c */ = {isa = PBXFileReference; explicitFileType = "compiled.mach-o.executable"; includeInIndex = 0; path = liang31.c; sourceTree = BUILT_PRODUCTS_DIR; };
		FAC52FDA1DCB5BB800835B4F /* main.c */ = {isa = PBXFileReference; lastKnownFileType = sourcecode.c.c; path = main.c; sourceTree = "<group>"; };
/* End PBXFileReference section */

/* Begin PBXFrameworksBuildPhase section */
		FAC52FD41DCB5BB800835B4F /* Frameworks */ = {
			isa = PBXFrameworksBuildPhase;
			buildActionMask = 2147483647;
			files = (
			);
			runOnlyForDeploymentPostprocessing = 0;
		};
/* End PBXFrameworksBuildPhase section */

/* Begin PBXGroup section */
		FAC52FCE1DCB5BB800835B4F = {
			isa = PBXGroup;
			children = (
				FAC52FD91DCB5BB800835B4F /* liang31.c */,
				FAC52FD81DCB5BB800835B4F /* Products */,
			);
			sourceTree = "<group>";
		};
		FAC52FD81DCB5BB800835B4F /* Products */ = {
			isa = PBXGroup;
			children = (
				FAC52FD71DCB5BB800835B4F /* liang31.c */,
			);
			name = Products;
			sourceTree = "<group>";
		};
		FAC52FD91DCB5BB800835B4F /* liang31.c */ = {
			isa = PBXGroup;
			children = (
				FAC52FDA1DCB5BB800835B4F /* main.c */,
			);
			path = liang31.c;
			sourceTree = "<group>";
		};
/* End PBXGroup section */

/* Begin PBXNativeTarget section */
		FAC52FD61DCB5BB800835B4F /* liang31.c */ = {
			isa = PBXNativeTarget;
			buildConfigurationList = FAC52FDE1DCB5BB800835B4F /* Build configuration list for PBXNativeTarget "liang31.c" */;
			buildPhases = (
				FAC52FD31DCB5BB800835B4F /* Sources */,
				FAC52FD41DCB5BB800835B4F /* Frameworks */,
				FAC52FD51DCB5BB800835B4F /* CopyFiles */,
			);
			buildRules = (
			);
			dependencies = (
			);
			name = liang31.c;
			productName = liang31.c;
			productReference = FAC52FD71DCB5BB800835B4F /* liang31.c */;
			productType = "com.apple.product-type.tool";
		};
/* End PBXNativeTarget section */

/* Begin PBXProject section */
		FAC52FCF1DCB5BB800835B4F /* Project object */ = {
			isa = PBXProject;
			attributes = {
				LastUpgradeCheck = 0640;
				ORGANIZATIONNAME = jackie;
				TargetAttributes = {
					FAC52FD61DCB5BB800835B4F = {
						CreatedOnToolsVersion = 6.4;
					};
				};
			};
			buildConfigurationList = FAC52FD21DCB5BB800835B4F /* Build configuration list for PBXProject "liang31.c" */;
			compatibilityVersion = "Xcode 3.2";
			developmentRegion = English;
			hasScannedForEncodings = 0;
			knownRegions = (
				en,
			);
			mainGroup = FAC52FCE1DCB5BB800835B4F;
			productRefGroup = FAC52FD81DCB5BB800835B4F /* Products */;
			projectDirPath = "";
			projectRoot = "";
			targets = (
				FAC52FD61DCB5BB800835B4F /* liang31.c */,
			);
		};
/* End PBXProject section */

/* Begin PBXSourcesBuildPhase section */
		FAC52FD31DCB5BB800835B4F /* Sources */ = {
			isa = PBXSourcesBuildPhase;
			buildActionMask = 2147483647;
			files = (
				FAC52FDB1DCB5BB800835B4F /* main.c in Sources */,
			);
			runOnlyForDeploymentPostprocessing = 0;
		};
/* End PBXSourcesBuildPhase section */

/* Begin XCBuildConfiguration section */
		FAC52FDC1DCB5BB800835B4F /* Debug */ = {
			isa = XCBuildConfiguration;
			buildSettings = {
				ALWAYS_SEARCH_USER_PATHS = NO;
				CLANG_CXX_LANGUAGE_STANDARD = "gnu++0x";
				CLANG_CXX_LIBRARY = "libc++";
				CLANG_ENABLE_MODULES = YES;
				CLANG_ENABLE_OBJC_ARC = YES;
				CLANG_WARN_BOOL_CONVERSION = YES;
				CLANG_WARN_CONSTANT_CONVERSION = YES;
				CLANG_WARN_DIRECT_OBJC_ISA_USAGE = YES_ERROR;
				CLANG_WARN_EMPTY_BODY = YES;
				CLANG_WARN_ENUM_CONVERSION = YES;
				CLANG_WARN_INT_CONVERSION = YES;
				CLANG_WARN_OBJC_ROOT_CLASS = YES_ERROR;
				CLANG_WARN_UNREACHABLE_CODE = YES;
				CLANG_WARN__DUPLICATE_METHOD_MATCH = YES;
				COPY_PHASE_STRIP = NO;
				DEBUG_INFORMATION_FORMAT = dwarf;
				ENABLE_STRICT_OBJC_MSGSEND = YES;
				GCC_C_LANGUAGE_STANDARD = gnu99;
				GCC_DYNAMIC_NO_PIC = NO;
				GCC_NO_COMMON_BLOCKS = YES;
				GCC_OPTIMIZATION_LEVEL = 0;
				GCC_PREPROCESSOR_DEFINITIONS = (
					"DEBUG=1",
					"$(inherited)",
				);
				GCC_SYMBOLS_PRIVATE_EXTERN = NO;
				GCC_WARN_64_TO_32_BIT_CONVERSION = YES;
				GCC_WARN_ABOUT_RETURN_TYPE = YES_ERROR;
				GCC_WARN_UNDECLARED_SELECTOR = YES;
				GCC_WARN_UNINITIALIZED_AUTOS = YES_AGGRESSIVE;
				GCC_WARN_UNUSED_FUNCTION = YES;
				GCC_WARN_UNUSED_VARIABLE = YES;
				MACOSX_DEPLOYMENT_TARGET = 10.10;
				MTL_ENABLE_DEBUG_INFO = YES;
				ONLY_ACTIVE_ARCH = YES;
				SDKROOT = macosx;
			};
			name = Debug;
		};
		FAC52FDD1DCB5BB800835B4F /* Release */ = {
			isa = XCBuildConfiguration;
			buildSettings = {
				ALWAYS_SEARCH_USER_PATHS = NO;
				CLANG_CXX_LANGUAGE_STANDARD = "gnu++0x";
				CLANG_CXX_LIBRARY = "libc++";
				CLANG_ENABLE_MODULES = YES;
				CLANG_ENABLE_OBJC_ARC = YES;
				CLANG_WARN_BOOL_CONVERSION = YES;
				CLANG_WARN_CONSTANT_CONVERSION = YES;
				CLANG_WARN_DIRECT_OBJC_ISA_USAGE = YES_ERROR;
				CLANG_WARN_EMPTY_BODY = YES;
				CLANG_WARN_ENUM_CONVERSION = YES;
				CLANG_WARN_INT_CONVERSION = YES;
				CLANG_WARN_OBJC_ROOT_CLASS = YES_ERROR;
				CLANG_WARN_UNREACHABLE_CODE = YES;
				CLANG_WARN__DUPLICATE_METHOD_MATCH = YES;
				COPY_PHASE_STRIP = NO;
				DEBUG_INFORMATION_FORMAT = "dwarf-with-dsym";
				ENABLE_NS_ASSERTIONS = NO;
				ENABLE_STRICT_OBJC_MSGSEND = YES;
				GCC_C_LANGUAGE_STANDARD = gnu99;
				GCC_NO_COMMON_BLOCKS = YES;
				GCC_WARN_64_TO_32_BIT_CONVERSION = YES;
				GCC_WARN_ABOUT_RETURN_TYPE = YES_ERROR;
				GCC_WARN_UNDECLARED_SELECTOR = YES;
				GCC_WARN_UNINITIALIZED_AUTOS = YES_AGGRESSIVE;
				GCC_WARN_UNUSED_FUNCTION = YES;
				GCC_WARN_UNUSED_VARIABLE = YES;
				MACOSX_DEPLOYMENT_TARGET = 10.10;
				MTL_ENABLE_DEBUG_INFO = NO;
				SDKROOT = macosx;
			};
			name = Release;
		};
		FAC52FDF1DCB5BB800835B4F /* Debug */ = {
			isa = XCBuildConfiguration;
			buildSettings = {
				PRODUCT_NAME = "$(TARGET_NAME)";
			};
			name = Debug;
		};
		FAC52FE01DCB5BB800835B4F /* Release */ = {
			isa = XCBuildConfiguration;
			buildSettings = {
				PRODUCT_NAME = "$(TARGET_NAME)";
			};
			name = Release;
		};
/* End XCBuildConfiguration section */

/* Begin XCConfigurationList section */
		FAC52FD21DCB5BB800835B4F /* Build configuration list for PBXProject "liang31.c" */ = {
			isa = XCConfigurationList;
			buildConfigurations = (
				FAC52FDC1DCB5BB800835B4F /* Debug */,
				FAC52FDD1DCB5BB800835B4F /* Release */,
			);
			defaultConfigurationIsVisible = 0;
			defaultConfigurationName = Release;
		};
		FAC52FDE1DCB5BB800835B4F /* Build configuration list for PBXNativeTarget "liang31.c" */ = {
			isa = XCConfigurationList;
			buildConfigurations = (
				FAC52FDF1DCB5BB800835B4F /* Debug */,
				FAC52FE01DCB5BB800835B4F /* Release */,
			);
			defaultConfigurationIsVisible = 0;
		};
/* End XCConfigurationList section */
	};
	rootObject = FAC52FCF1DCB5BB800835B4F /* Project object */;
}
