// !$*UTF8*$!
{
	archiveVersion = 1;
	classes = {
	};
	objectVersion = 46;
	objects = {

/* Begin PBXBuildFile section */
		FA0D5BCA1DB1CCF1000B756A /* main.c in Sources */ = {isa = PBXBuildFile; fileRef = FA0D5BC91DB1CCF1000B756A /* main.c */; };
/* End PBXBuildFile section */

/* Begin PBXCopyFilesBuildPhase section */
		FA0D5BC41DB1CCF1000B756A /* CopyFiles */ = {
			isa = PBXCopyFilesBuildPhase;
			buildActionMask = 2147483647;
			dstPath = /usr/share/man/man1/;
			dstSubfolderSpec = 0;
			files = (
			);
			runOnlyForDeploymentPostprocessing = 1;
		};
/* End PBXCopyFilesBuildPhase section */

/* Begin PBXFileReference section */
		FA0D5BC61DB1CCF1000B756A /* liang17.c */ = {isa = PBXFileReference; explicitFileType = "compiled.mach-o.executable"; includeInIndex = 0; path = liang17.c; sourceTree = BUILT_PRODUCTS_DIR; };
		FA0D5BC91DB1CCF1000B756A /* main.c */ = {isa = PBXFileReference; lastKnownFileType = sourcecode.c.c; path = main.c; sourceTree = "<group>"; };
/* End PBXFileReference section */

/* Begin PBXFrameworksBuildPhase section */
		FA0D5BC31DB1CCF1000B756A /* Frameworks */ = {
			isa = PBXFrameworksBuildPhase;
			buildActionMask = 2147483647;
			files = (
			);
			runOnlyForDeploymentPostprocessing = 0;
		};
/* End PBXFrameworksBuildPhase section */

/* Begin PBXGroup section */
		FA0D5BBD1DB1CCF1000B756A = {
			isa = PBXGroup;
			children = (
				FA0D5BC81DB1CCF1000B756A /* liang17.c */,
				FA0D5BC71DB1CCF1000B756A /* Products */,
			);
			sourceTree = "<group>";
		};
		FA0D5BC71DB1CCF1000B756A /* Products */ = {
			isa = PBXGroup;
			children = (
				FA0D5BC61DB1CCF1000B756A /* liang17.c */,
			);
			name = Products;
			sourceTree = "<group>";
		};
		FA0D5BC81DB1CCF1000B756A /* liang17.c */ = {
			isa = PBXGroup;
			children = (
				FA0D5BC91DB1CCF1000B756A /* main.c */,
			);
			path = liang17.c;
			sourceTree = "<group>";
		};
/* End PBXGroup section */

/* Begin PBXNativeTarget section */
		FA0D5BC51DB1CCF1000B756A /* liang17.c */ = {
			isa = PBXNativeTarget;
			buildConfigurationList = FA0D5BCD1DB1CCF1000B756A /* Build configuration list for PBXNativeTarget "liang17.c" */;
			buildPhases = (
				FA0D5BC21DB1CCF1000B756A /* Sources */,
				FA0D5BC31DB1CCF1000B756A /* Frameworks */,
				FA0D5BC41DB1CCF1000B756A /* CopyFiles */,
			);
			buildRules = (
			);
			dependencies = (
			);
			name = liang17.c;
			productName = liang17.c;
			productReference = FA0D5BC61DB1CCF1000B756A /* liang17.c */;
			productType = "com.apple.product-type.tool";
		};
/* End PBXNativeTarget section */

/* Begin PBXProject section */
		FA0D5BBE1DB1CCF1000B756A /* Project object */ = {
			isa = PBXProject;
			attributes = {
				LastUpgradeCheck = 0640;
				ORGANIZATIONNAME = jackie;
				TargetAttributes = {
					FA0D5BC51DB1CCF1000B756A = {
						CreatedOnToolsVersion = 6.4;
					};
				};
			};
			buildConfigurationList = FA0D5BC11DB1CCF1000B756A /* Build configuration list for PBXProject "liang17.c" */;
			compatibilityVersion = "Xcode 3.2";
			developmentRegion = English;
			hasScannedForEncodings = 0;
			knownRegions = (
				en,
			);
			mainGroup = FA0D5BBD1DB1CCF1000B756A;
			productRefGroup = FA0D5BC71DB1CCF1000B756A /* Products */;
			projectDirPath = "";
			projectRoot = "";
			targets = (
				FA0D5BC51DB1CCF1000B756A /* liang17.c */,
			);
		};
/* End PBXProject section */

/* Begin PBXSourcesBuildPhase section */
		FA0D5BC21DB1CCF1000B756A /* Sources */ = {
			isa = PBXSourcesBuildPhase;
			buildActionMask = 2147483647;
			files = (
				FA0D5BCA1DB1CCF1000B756A /* main.c in Sources */,
			);
			runOnlyForDeploymentPostprocessing = 0;
		};
/* End PBXSourcesBuildPhase section */

/* Begin XCBuildConfiguration section */
		FA0D5BCB1DB1CCF1000B756A /* Debug */ = {
			isa = XCBuildConfiguration;
			buildSettings = {
				ALWAYS_SEARCH_USER_PATHS = NO;
				CLANG_CXX_LANGUAGE_STANDARD = "gnu++0x";
				CLANG_CXX_LIBRARY = "libc++";
				CLANG_ENABLE_MODULES = YES;
				CLANG_ENABLE_OBJC_ARC = YES;
				CLANG_WARN_BOOL_CONVERSION = YES;
				CLANG_WARN_CONSTANT_CONVERSION = YES;
				CLANG_WARN_DIRECT_OBJC_ISA_USAGE = YES_ERROR;
				CLANG_WARN_EMPTY_BODY = YES;
				CLANG_WARN_ENUM_CONVERSION = YES;
				CLANG_WARN_INT_CONVERSION = YES;
				CLANG_WARN_OBJC_ROOT_CLASS = YES_ERROR;
				CLANG_WARN_UNREACHABLE_CODE = YES;
				CLANG_WARN__DUPLICATE_METHOD_MATCH = YES;
				COPY_PHASE_STRIP = NO;
				DEBUG_INFORMATION_FORMAT = dwarf;
				ENABLE_STRICT_OBJC_MSGSEND = YES;
				GCC_C_LANGUAGE_STANDARD = gnu99;
				GCC_DYNAMIC_NO_PIC = NO;
				GCC_NO_COMMON_BLOCKS = YES;
				GCC_OPTIMIZATION_LEVEL = 0;
				GCC_PREPROCESSOR_DEFINITIONS = (
					"DEBUG=1",
					"$(inherited)",
				);
				GCC_SYMBOLS_PRIVATE_EXTERN = NO;
				GCC_WARN_64_TO_32_BIT_CONVERSION = YES;
				GCC_WARN_ABOUT_RETURN_TYPE = YES_ERROR;
				GCC_WARN_UNDECLARED_SELECTOR = YES;
				GCC_WARN_UNINITIALIZED_AUTOS = YES_AGGRESSIVE;
				GCC_WARN_UNUSED_FUNCTION = YES;
				GCC_WARN_UNUSED_VARIABLE = YES;
				MACOSX_DEPLOYMENT_TARGET = 10.10;
				MTL_ENABLE_DEBUG_INFO = YES;
				ONLY_ACTIVE_ARCH = YES;
				SDKROOT = macosx;
			};
			name = Debug;
		};
		FA0D5BCC1DB1CCF1000B756A /* Release */ = {
			isa = XCBuildConfiguration;
			buildSettings = {
				ALWAYS_SEARCH_USER_PATHS = NO;
				CLANG_CXX_LANGUAGE_STANDARD = "gnu++0x";
				CLANG_CXX_LIBRARY = "libc++";
				CLANG_ENABLE_MODULES = YES;
				CLANG_ENABLE_OBJC_ARC = YES;
				CLANG_WARN_BOOL_CONVERSION = YES;
				CLANG_WARN_CONSTANT_CONVERSION = YES;
				CLANG_WARN_DIRECT_OBJC_ISA_USAGE = YES_ERROR;
				CLANG_WARN_EMPTY_BODY = YES;
				CLANG_WARN_ENUM_CONVERSION = YES;
				CLANG_WARN_INT_CONVERSION = YES;
				CLANG_WARN_OBJC_ROOT_CLASS = YES_ERROR;
				CLANG_WARN_UNREACHABLE_CODE = YES;
				CLANG_WARN__DUPLICATE_METHOD_MATCH = YES;
				COPY_PHASE_STRIP = NO;
				DEBUG_INFORMATION_FORMAT = "dwarf-with-dsym";
				ENABLE_NS_ASSERTIONS = NO;
				ENABLE_STRICT_OBJC_MSGSEND = YES;
				GCC_C_LANGUAGE_STANDARD = gnu99;
				GCC_NO_COMMON_BLOCKS = YES;
				GCC_WARN_64_TO_32_BIT_CONVERSION = YES;
				GCC_WARN_ABOUT_RETURN_TYPE = YES_ERROR;
				GCC_WARN_UNDECLARED_SELECTOR = YES;
				GCC_WARN_UNINITIALIZED_AUTOS = YES_AGGRESSIVE;
				GCC_WARN_UNUSED_FUNCTION = YES;
				GCC_WARN_UNUSED_VARIABLE = YES;
				MACOSX_DEPLOYMENT_TARGET = 10.10;
				MTL_ENABLE_DEBUG_INFO = NO;
				SDKROOT = macosx;
			};
			name = Release;
		};
		FA0D5BCE1DB1CCF1000B756A /* Debug */ = {
			isa = XCBuildConfiguration;
			buildSettings = {
				PRODUCT_NAME = "$(TARGET_NAME)";
			};
			name = Debug;
		};
		FA0D5BCF1DB1CCF1000B756A /* Release */ = {
			isa = XCBuildConfiguration;
			buildSettings = {
				PRODUCT_NAME = "$(TARGET_NAME)";
			};
			name = Release;
		};
/* End XCBuildConfiguration section */

/* Begin XCConfigurationList section */
		FA0D5BC11DB1CCF1000B756A /* Build configuration list for PBXProject "liang17.c" */ = {
			isa = XCConfigurationList;
			buildConfigurations = (
				FA0D5BCB1DB1CCF1000B756A /* Debug */,
				FA0D5BCC1DB1CCF1000B756A /* Release */,
			);
			defaultConfigurationIsVisible = 0;
			defaultConfigurationName = Release;
		};
		FA0D5BCD1DB1CCF1000B756A /* Build configuration list for PBXNativeTarget "liang17.c" */ = {
			isa = XCConfigurationList;
			buildConfigurations = (
				FA0D5BCE1DB1CCF1000B756A /* Debug */,
				FA0D5BCF1DB1CCF1000B756A /* Release */,
			);
			defaultConfigurationIsVisible = 0;
		};
/* End XCConfigurationList section */
	};
	rootObject = FA0D5BBE1DB1CCF1000B756A /* Project object */;
}
