// !$*UTF8*$!
{
	archiveVersion = 1;
	classes = {
	};
	objectVersion = 46;
	objects = {

/* Begin PBXBuildFile section */
		FAAC85B51DB07E590043DFE2 /* main.c in Sources */ = {isa = PBXBuildFile; fileRef = FAAC85B41DB07E590043DFE2 /* main.c */; };
/* End PBXBuildFile section */

/* Begin PBXCopyFilesBuildPhase section */
		FAAC85AF1DB07E590043DFE2 /* CopyFiles */ = {
			isa = PBXCopyFilesBuildPhase;
			buildActionMask = 2147483647;
			dstPath = /usr/share/man/man1/;
			dstSubfolderSpec = 0;
			files = (
			);
			runOnlyForDeploymentPostprocessing = 1;
		};
/* End PBXCopyFilesBuildPhase section */

/* Begin PBXFileReference section */
		FAAC85B11DB07E590043DFE2 /* liang16.c */ = {isa = PBXFileReference; explicitFileType = "compiled.mach-o.executable"; includeInIndex = 0; path = liang16.c; sourceTree = BUILT_PRODUCTS_DIR; };
		FAAC85B41DB07E590043DFE2 /* main.c */ = {isa = PBXFileReference; lastKnownFileType = sourcecode.c.c; path = main.c; sourceTree = "<group>"; };
/* End PBXFileReference section */

/* Begin PBXFrameworksBuildPhase section */
		FAAC85AE1DB07E590043DFE2 /* Frameworks */ = {
			isa = PBXFrameworksBuildPhase;
			buildActionMask = 2147483647;
			files = (
			);
			runOnlyForDeploymentPostprocessing = 0;
		};
/* End PBXFrameworksBuildPhase section */

/* Begin PBXGroup section */
		FAAC85A81DB07E590043DFE2 = {
			isa = PBXGroup;
			children = (
				FAAC85B31DB07E590043DFE2 /* liang16.c */,
				FAAC85B21DB07E590043DFE2 /* Products */,
			);
			sourceTree = "<group>";
		};
		FAAC85B21DB07E590043DFE2 /* Products */ = {
			isa = PBXGroup;
			children = (
				FAAC85B11DB07E590043DFE2 /* liang16.c */,
			);
			name = Products;
			sourceTree = "<group>";
		};
		FAAC85B31DB07E590043DFE2 /* liang16.c */ = {
			isa = PBXGroup;
			children = (
				FAAC85B41DB07E590043DFE2 /* main.c */,
			);
			path = liang16.c;
			sourceTree = "<group>";
		};
/* End PBXGroup section */

/* Begin PBXNativeTarget section */
		FAAC85B01DB07E590043DFE2 /* liang16.c */ = {
			isa = PBXNativeTarget;
			buildConfigurationList = FAAC85B81DB07E590043DFE2 /* Build configuration list for PBXNativeTarget "liang16.c" */;
			buildPhases = (
				FAAC85AD1DB07E590043DFE2 /* Sources */,
				FAAC85AE1DB07E590043DFE2 /* Frameworks */,
				FAAC85AF1DB07E590043DFE2 /* CopyFiles */,
			);
			buildRules = (
			);
			dependencies = (
			);
			name = liang16.c;
			productName = liang16.c;
			productReference = FAAC85B11DB07E590043DFE2 /* liang16.c */;
			productType = "com.apple.product-type.tool";
		};
/* End PBXNativeTarget section */

/* Begin PBXProject section */
		FAAC85A91DB07E590043DFE2 /* Project object */ = {
			isa = PBXProject;
			attributes = {
				LastUpgradeCheck = 0640;
				ORGANIZATIONNAME = jackie;
				TargetAttributes = {
					FAAC85B01DB07E590043DFE2 = {
						CreatedOnToolsVersion = 6.4;
					};
				};
			};
			buildConfigurationList = FAAC85AC1DB07E590043DFE2 /* Build configuration list for PBXProject "liang16.c" */;
			compatibilityVersion = "Xcode 3.2";
			developmentRegion = English;
			hasScannedForEncodings = 0;
			knownRegions = (
				en,
			);
			mainGroup = FAAC85A81DB07E590043DFE2;
			productRefGroup = FAAC85B21DB07E590043DFE2 /* Products */;
			projectDirPath = "";
			projectRoot = "";
			targets = (
				FAAC85B01DB07E590043DFE2 /* liang16.c */,
			);
		};
/* End PBXProject section */

/* Begin PBXSourcesBuildPhase section */
		FAAC85AD1DB07E590043DFE2 /* Sources */ = {
			isa = PBXSourcesBuildPhase;
			buildActionMask = 2147483647;
			files = (
				FAAC85B51DB07E590043DFE2 /* main.c in Sources */,
			);
			runOnlyForDeploymentPostprocessing = 0;
		};
/* End PBXSourcesBuildPhase section */

/* Begin XCBuildConfiguration section */
		FAAC85B61DB07E590043DFE2 /* Debug */ = {
			isa = XCBuildConfiguration;
			buildSettings = {
				ALWAYS_SEARCH_USER_PATHS = NO;
				CLANG_CXX_LANGUAGE_STANDARD = "gnu++0x";
				CLANG_CXX_LIBRARY = "libc++";
				CLANG_ENABLE_MODULES = YES;
				CLANG_ENABLE_OBJC_ARC = YES;
				CLANG_WARN_BOOL_CONVERSION = YES;
				CLANG_WARN_CONSTANT_CONVERSION = YES;
				CLANG_WARN_DIRECT_OBJC_ISA_USAGE = YES_ERROR;
				CLANG_WARN_EMPTY_BODY = YES;
				CLANG_WARN_ENUM_CONVERSION = YES;
				CLANG_WARN_INT_CONVERSION = YES;
				CLANG_WARN_OBJC_ROOT_CLASS = YES_ERROR;
				CLANG_WARN_UNREACHABLE_CODE = YES;
				CLANG_WARN__DUPLICATE_METHOD_MATCH = YES;
				COPY_PHASE_STRIP = NO;
				DEBUG_INFORMATION_FORMAT = dwarf;
				ENABLE_STRICT_OBJC_MSGSEND = YES;
				GCC_C_LANGUAGE_STANDARD = gnu99;
				GCC_DYNAMIC_NO_PIC = NO;
				GCC_NO_COMMON_BLOCKS = YES;
				GCC_OPTIMIZATION_LEVEL = 0;
				GCC_PREPROCESSOR_DEFINITIONS = (
					"DEBUG=1",
					"$(inherited)",
				);
				GCC_SYMBOLS_PRIVATE_EXTERN = NO;
				GCC_WARN_64_TO_32_BIT_CONVERSION = YES;
				GCC_WARN_ABOUT_RETURN_TYPE = YES_ERROR;
				GCC_WARN_UNDECLARED_SELECTOR = YES;
				GCC_WARN_UNINITIALIZED_AUTOS = YES_AGGRESSIVE;
				GCC_WARN_UNUSED_FUNCTION = YES;
				GCC_WARN_UNUSED_VARIABLE = YES;
				MACOSX_DEPLOYMENT_TARGET = 10.10;
				MTL_ENABLE_DEBUG_INFO = YES;
				ONLY_ACTIVE_ARCH = YES;
				SDKROOT = macosx;
			};
			name = Debug;
		};
		FAAC85B71DB07E590043DFE2 /* Release */ = {
			isa = XCBuildConfiguration;
			buildSettings = {
				ALWAYS_SEARCH_USER_PATHS = NO;
				CLANG_CXX_LANGUAGE_STANDARD = "gnu++0x";
				CLANG_CXX_LIBRARY = "libc++";
				CLANG_ENABLE_MODULES = YES;
				CLANG_ENABLE_OBJC_ARC = YES;
				CLANG_WARN_BOOL_CONVERSION = YES;
				CLANG_WARN_CONSTANT_CONVERSION = YES;
				CLANG_WARN_DIRECT_OBJC_ISA_USAGE = YES_ERROR;
				CLANG_WARN_EMPTY_BODY = YES;
				CLANG_WARN_ENUM_CONVERSION = YES;
				CLANG_WARN_INT_CONVERSION = YES;
				CLANG_WARN_OBJC_ROOT_CLASS = YES_ERROR;
				CLANG_WARN_UNREACHABLE_CODE = YES;
				CLANG_WARN__DUPLICATE_METHOD_MATCH = YES;
				COPY_PHASE_STRIP = NO;
				DEBUG_INFORMATION_FORMAT = "dwarf-with-dsym";
				ENABLE_NS_ASSERTIONS = NO;
				ENABLE_STRICT_OBJC_MSGSEND = YES;
				GCC_C_LANGUAGE_STANDARD = gnu99;
				GCC_NO_COMMON_BLOCKS = YES;
				GCC_WARN_64_TO_32_BIT_CONVERSION = YES;
				GCC_WARN_ABOUT_RETURN_TYPE = YES_ERROR;
				GCC_WARN_UNDECLARED_SELECTOR = YES;
				GCC_WARN_UNINITIALIZED_AUTOS = YES_AGGRESSIVE;
				GCC_WARN_UNUSED_FUNCTION = YES;
				GCC_WARN_UNUSED_VARIABLE = YES;
				MACOSX_DEPLOYMENT_TARGET = 10.10;
				MTL_ENABLE_DEBUG_INFO = NO;
				SDKROOT = macosx;
			};
			name = Release;
		};
		FAAC85B91DB07E590043DFE2 /* Debug */ = {
			isa = XCBuildConfiguration;
			buildSettings = {
				PRODUCT_NAME = "$(TARGET_NAME)";
			};
			name = Debug;
		};
		FAAC85BA1DB07E590043DFE2 /* Release */ = {
			isa = XCBuildConfiguration;
			buildSettings = {
				PRODUCT_NAME = "$(TARGET_NAME)";
			};
			name = Release;
		};
/* End XCBuildConfiguration section */

/* Begin XCConfigurationList section */
		FAAC85AC1DB07E590043DFE2 /* Build configuration list for PBXProject "liang16.c" */ = {
			isa = XCConfigurationList;
			buildConfigurations = (
				FAAC85B61DB07E590043DFE2 /* Debug */,
				FAAC85B71DB07E590043DFE2 /* Release */,
			);
			defaultConfigurationIsVisible = 0;
			defaultConfigurationName = Release;
		};
		FAAC85B81DB07E590043DFE2 /* Build configuration list for PBXNativeTarget "liang16.c" */ = {
			isa = XCConfigurationList;
			buildConfigurations = (
				FAAC85B91DB07E590043DFE2 /* Debug */,
				FAAC85BA1DB07E590043DFE2 /* Release */,
			);
			defaultConfigurationIsVisible = 0;
		};
/* End XCConfigurationList section */
	};
	rootObject = FAAC85A91DB07E590043DFE2 /* Project object */;
}
