// !$*UTF8*$!
{
	archiveVersion = 1;
	classes = {
	};
	objectVersion = 46;
	objects = {

/* Begin PBXBuildFile section */
		FA34C8CD1DAFBE86008AF10A /* main.c in Sources */ = {isa = PBXBuildFile; fileRef = FA34C8CC1DAFBE86008AF10A /* main.c */; };
/* End PBXBuildFile section */

/* Begin PBXCopyFilesBuildPhase section */
		FA34C8C71DAFBE86008AF10A /* CopyFiles */ = {
			isa = PBXCopyFilesBuildPhase;
			buildActionMask = 2147483647;
			dstPath = /usr/share/man/man1/;
			dstSubfolderSpec = 0;
			files = (
			);
			runOnlyForDeploymentPostprocessing = 1;
		};
/* End PBXCopyFilesBuildPhase section */

/* Begin PBXFileReference section */
		FA34C8C91DAFBE86008AF10A /* liang15.c */ = {isa = PBXFileReference; explicitFileType = "compiled.mach-o.executable"; includeInIndex = 0; path = liang15.c; sourceTree = BUILT_PRODUCTS_DIR; };
		FA34C8CC1DAFBE86008AF10A /* main.c */ = {isa = PBXFileReference; lastKnownFileType = sourcecode.c.c; path = main.c; sourceTree = "<group>"; };
/* End PBXFileReference section */

/* Begin PBXFrameworksBuildPhase section */
		FA34C8C61DAFBE86008AF10A /* Frameworks */ = {
			isa = PBXFrameworksBuildPhase;
			buildActionMask = 2147483647;
			files = (
			);
			runOnlyForDeploymentPostprocessing = 0;
		};
/* End PBXFrameworksBuildPhase section */

/* Begin PBXGroup section */
		FA34C8C01DAFBE86008AF10A = {
			isa = PBXGroup;
			children = (
				FA34C8CB1DAFBE86008AF10A /* liang15.c */,
				FA34C8CA1DAFBE86008AF10A /* Products */,
			);
			sourceTree = "<group>";
		};
		FA34C8CA1DAFBE86008AF10A /* Products */ = {
			isa = PBXGroup;
			children = (
				FA34C8C91DAFBE86008AF10A /* liang15.c */,
			);
			name = Products;
			sourceTree = "<group>";
		};
		FA34C8CB1DAFBE86008AF10A /* liang15.c */ = {
			isa = PBXGroup;
			children = (
				FA34C8CC1DAFBE86008AF10A /* main.c */,
			);
			path = liang15.c;
			sourceTree = "<group>";
		};
/* End PBXGroup section */

/* Begin PBXNativeTarget section */
		FA34C8C81DAFBE86008AF10A /* liang15.c */ = {
			isa = PBXNativeTarget;
			buildConfigurationList = FA34C8D01DAFBE86008AF10A /* Build configuration list for PBXNativeTarget "liang15.c" */;
			buildPhases = (
				FA34C8C51DAFBE86008AF10A /* Sources */,
				FA34C8C61DAFBE86008AF10A /* Frameworks */,
				FA34C8C71DAFBE86008AF10A /* CopyFiles */,
			);
			buildRules = (
			);
			dependencies = (
			);
			name = liang15.c;
			productName = liang15.c;
			productReference = FA34C8C91DAFBE86008AF10A /* liang15.c */;
			productType = "com.apple.product-type.tool";
		};
/* End PBXNativeTarget section */

/* Begin PBXProject section */
		FA34C8C11DAFBE86008AF10A /* Project object */ = {
			isa = PBXProject;
			attributes = {
				LastUpgradeCheck = 0640;
				ORGANIZATIONNAME = jackie;
				TargetAttributes = {
					FA34C8C81DAFBE86008AF10A = {
						CreatedOnToolsVersion = 6.4;
					};
				};
			};
			buildConfigurationList = FA34C8C41DAFBE86008AF10A /* Build configuration list for PBXProject "liang15.c" */;
			compatibilityVersion = "Xcode 3.2";
			developmentRegion = English;
			hasScannedForEncodings = 0;
			knownRegions = (
				en,
			);
			mainGroup = FA34C8C01DAFBE86008AF10A;
			productRefGroup = FA34C8CA1DAFBE86008AF10A /* Products */;
			projectDirPath = "";
			projectRoot = "";
			targets = (
				FA34C8C81DAFBE86008AF10A /* liang15.c */,
			);
		};
/* End PBXProject section */

/* Begin PBXSourcesBuildPhase section */
		FA34C8C51DAFBE86008AF10A /* Sources */ = {
			isa = PBXSourcesBuildPhase;
			buildActionMask = 2147483647;
			files = (
				FA34C8CD1DAFBE86008AF10A /* main.c in Sources */,
			);
			runOnlyForDeploymentPostprocessing = 0;
		};
/* End PBXSourcesBuildPhase section */

/* Begin XCBuildConfiguration section */
		FA34C8CE1DAFBE86008AF10A /* Debug */ = {
			isa = XCBuildConfiguration;
			buildSettings = {
				ALWAYS_SEARCH_USER_PATHS = NO;
				CLANG_CXX_LANGUAGE_STANDARD = "gnu++0x";
				CLANG_CXX_LIBRARY = "libc++";
				CLANG_ENABLE_MODULES = YES;
				CLANG_ENABLE_OBJC_ARC = YES;
				CLANG_WARN_BOOL_CONVERSION = YES;
				CLANG_WARN_CONSTANT_CONVERSION = YES;
				CLANG_WARN_DIRECT_OBJC_ISA_USAGE = YES_ERROR;
				CLANG_WARN_EMPTY_BODY = YES;
				CLANG_WARN_ENUM_CONVERSION = YES;
				CLANG_WARN_INT_CONVERSION = YES;
				CLANG_WARN_OBJC_ROOT_CLASS = YES_ERROR;
				CLANG_WARN_UNREACHABLE_CODE = YES;
				CLANG_WARN__DUPLICATE_METHOD_MATCH = YES;
				COPY_PHASE_STRIP = NO;
				DEBUG_INFORMATION_FORMAT = dwarf;
				ENABLE_STRICT_OBJC_MSGSEND = YES;
				GCC_C_LANGUAGE_STANDARD = gnu99;
				GCC_DYNAMIC_NO_PIC = NO;
				GCC_NO_COMMON_BLOCKS = YES;
				GCC_OPTIMIZATION_LEVEL = 0;
				GCC_PREPROCESSOR_DEFINITIONS = (
					"DEBUG=1",
					"$(inherited)",
				);
				GCC_SYMBOLS_PRIVATE_EXTERN = NO;
				GCC_WARN_64_TO_32_BIT_CONVERSION = YES;
				GCC_WARN_ABOUT_RETURN_TYPE = YES_ERROR;
				GCC_WARN_UNDECLARED_SELECTOR = YES;
				GCC_WARN_UNINITIALIZED_AUTOS = YES_AGGRESSIVE;
				GCC_WARN_UNUSED_FUNCTION = YES;
				GCC_WARN_UNUSED_VARIABLE = YES;
				MACOSX_DEPLOYMENT_TARGET = 10.10;
				MTL_ENABLE_DEBUG_INFO = YES;
				ONLY_ACTIVE_ARCH = YES;
				SDKROOT = macosx;
			};
			name = Debug;
		};
		FA34C8CF1DAFBE86008AF10A /* Release */ = {
			isa = XCBuildConfiguration;
			buildSettings = {
				ALWAYS_SEARCH_USER_PATHS = NO;
				CLANG_CXX_LANGUAGE_STANDARD = "gnu++0x";
				CLANG_CXX_LIBRARY = "libc++";
				CLANG_ENABLE_MODULES = YES;
				CLANG_ENABLE_OBJC_ARC = YES;
				CLANG_WARN_BOOL_CONVERSION = YES;
				CLANG_WARN_CONSTANT_CONVERSION = YES;
				CLANG_WARN_DIRECT_OBJC_ISA_USAGE = YES_ERROR;
				CLANG_WARN_EMPTY_BODY = YES;
				CLANG_WARN_ENUM_CONVERSION = YES;
				CLANG_WARN_INT_CONVERSION = YES;
				CLANG_WARN_OBJC_ROOT_CLASS = YES_ERROR;
				CLANG_WARN_UNREACHABLE_CODE = YES;
				CLANG_WARN__DUPLICATE_METHOD_MATCH = YES;
				COPY_PHASE_STRIP = NO;
				DEBUG_INFORMATION_FORMAT = "dwarf-with-dsym";
				ENABLE_NS_ASSERTIONS = NO;
				ENABLE_STRICT_OBJC_MSGSEND = YES;
				GCC_C_LANGUAGE_STANDARD = gnu99;
				GCC_NO_COMMON_BLOCKS = YES;
				GCC_WARN_64_TO_32_BIT_CONVERSION = YES;
				GCC_WARN_ABOUT_RETURN_TYPE = YES_ERROR;
				GCC_WARN_UNDECLARED_SELECTOR = YES;
				GCC_WARN_UNINITIALIZED_AUTOS = YES_AGGRESSIVE;
				GCC_WARN_UNUSED_FUNCTION = YES;
				GCC_WARN_UNUSED_VARIABLE = YES;
				MACOSX_DEPLOYMENT_TARGET = 10.10;
				MTL_ENABLE_DEBUG_INFO = NO;
				SDKROOT = macosx;
			};
			name = Release;
		};
		FA34C8D11DAFBE86008AF10A /* Debug */ = {
			isa = XCBuildConfiguration;
			buildSettings = {
				PRODUCT_NAME = "$(TARGET_NAME)";
			};
			name = Debug;
		};
		FA34C8D21DAFBE86008AF10A /* Release */ = {
			isa = XCBuildConfiguration;
			buildSettings = {
				PRODUCT_NAME = "$(TARGET_NAME)";
			};
			name = Release;
		};
/* End XCBuildConfiguration section */

/* Begin XCConfigurationList section */
		FA34C8C41DAFBE86008AF10A /* Build configuration list for PBXProject "liang15.c" */ = {
			isa = XCConfigurationList;
			buildConfigurations = (
				FA34C8CE1DAFBE86008AF10A /* Debug */,
				FA34C8CF1DAFBE86008AF10A /* Release */,
			);
			defaultConfigurationIsVisible = 0;
			defaultConfigurationName = Release;
		};
		FA34C8D01DAFBE86008AF10A /* Build configuration list for PBXNativeTarget "liang15.c" */ = {
			isa = XCConfigurationList;
			buildConfigurations = (
				FA34C8D11DAFBE86008AF10A /* Debug */,
				FA34C8D21DAFBE86008AF10A /* Release */,
			);
			defaultConfigurationIsVisible = 0;
		};
/* End XCConfigurationList section */
	};
	rootObject = FA34C8C11DAFBE86008AF10A /* Project object */;
}
