// !$*UTF8*$!
{
	archiveVersion = 1;
	classes = {
	};
	objectVersion = 46;
	objects = {

/* Begin PBXBuildFile section */
		FABB6EB91DB36C8E00C7491F /* main.c in Sources */ = {isa = PBXBuildFile; fileRef = FABB6EB81DB36C8E00C7491F /* main.c */; };
/* End PBXBuildFile section */

/* Begin PBXCopyFilesBuildPhase section */
		FABB6EB31DB36C8D00C7491F /* CopyFiles */ = {
			isa = PBXCopyFilesBuildPhase;
			buildActionMask = 2147483647;
			dstPath = /usr/share/man/man1/;
			dstSubfolderSpec = 0;
			files = (
			);
			runOnlyForDeploymentPostprocessing = 1;
		};
/* End PBXCopyFilesBuildPhase section */

/* Begin PBXFileReference section */
		FABB6EB51DB36C8E00C7491F /* liang18.c */ = {isa = PBXFileReference; explicitFileType = "compiled.mach-o.executable"; includeInIndex = 0; path = liang18.c; sourceTree = BUILT_PRODUCTS_DIR; };
		FABB6EB81DB36C8E00C7491F /* main.c */ = {isa = PBXFileReference; lastKnownFileType = sourcecode.c.c; path = main.c; sourceTree = "<group>"; };
/* End PBXFileReference section */

/* Begin PBXFrameworksBuildPhase section */
		FABB6EB21DB36C8D00C7491F /* Frameworks */ = {
			isa = PBXFrameworksBuildPhase;
			buildActionMask = 2147483647;
			files = (
			);
			runOnlyForDeploymentPostprocessing = 0;
		};
/* End PBXFrameworksBuildPhase section */

/* Begin PBXGroup section */
		FABB6EAC1DB36C8C00C7491F = {
			isa = PBXGroup;
			children = (
				FABB6EB71DB36C8E00C7491F /* liang18.c */,
				FABB6EB61DB36C8E00C7491F /* Products */,
			);
			sourceTree = "<group>";
		};
		FABB6EB61DB36C8E00C7491F /* Products */ = {
			isa = PBXGroup;
			children = (
				FABB6EB51DB36C8E00C7491F /* liang18.c */,
			);
			name = Products;
			sourceTree = "<group>";
		};
		FABB6EB71DB36C8E00C7491F /* liang18.c */ = {
			isa = PBXGroup;
			children = (
				FABB6EB81DB36C8E00C7491F /* main.c */,
			);
			path = liang18.c;
			sourceTree = "<group>";
		};
/* End PBXGroup section */

/* Begin PBXNativeTarget section */
		FABB6EB41DB36C8D00C7491F /* liang18.c */ = {
			isa = PBXNativeTarget;
			buildConfigurationList = FABB6EBC1DB36C8E00C7491F /* Build configuration list for PBXNativeTarget "liang18.c" */;
			buildPhases = (
				FABB6EB11DB36C8D00C7491F /* Sources */,
				FABB6EB21DB36C8D00C7491F /* Frameworks */,
				FABB6EB31DB36C8D00C7491F /* CopyFiles */,
			);
			buildRules = (
			);
			dependencies = (
			);
			name = liang18.c;
			productName = liang18.c;
			productReference = FABB6EB51DB36C8E00C7491F /* liang18.c */;
			productType = "com.apple.product-type.tool";
		};
/* End PBXNativeTarget section */

/* Begin PBXProject section */
		FABB6EAD1DB36C8C00C7491F /* Project object */ = {
			isa = PBXProject;
			attributes = {
				LastUpgradeCheck = 0640;
				ORGANIZATIONNAME = jackie;
				TargetAttributes = {
					FABB6EB41DB36C8D00C7491F = {
						CreatedOnToolsVersion = 6.4;
					};
				};
			};
			buildConfigurationList = FABB6EB01DB36C8C00C7491F /* Build configuration list for PBXProject "liang18.c" */;
			compatibilityVersion = "Xcode 3.2";
			developmentRegion = English;
			hasScannedForEncodings = 0;
			knownRegions = (
				en,
			);
			mainGroup = FABB6EAC1DB36C8C00C7491F;
			productRefGroup = FABB6EB61DB36C8E00C7491F /* Products */;
			projectDirPath = "";
			projectRoot = "";
			targets = (
				FABB6EB41DB36C8D00C7491F /* liang18.c */,
			);
		};
/* End PBXProject section */

/* Begin PBXSourcesBuildPhase section */
		FABB6EB11DB36C8D00C7491F /* Sources */ = {
			isa = PBXSourcesBuildPhase;
			buildActionMask = 2147483647;
			files = (
				FABB6EB91DB36C8E00C7491F /* main.c in Sources */,
			);
			runOnlyForDeploymentPostprocessing = 0;
		};
/* End PBXSourcesBuildPhase section */

/* Begin XCBuildConfiguration section */
		FABB6EBA1DB36C8E00C7491F /* Debug */ = {
			isa = XCBuildConfiguration;
			buildSettings = {
				ALWAYS_SEARCH_USER_PATHS = NO;
				CLANG_CXX_LANGUAGE_STANDARD = "gnu++0x";
				CLANG_CXX_LIBRARY = "libc++";
				CLANG_ENABLE_MODULES = YES;
				CLANG_ENABLE_OBJC_ARC = YES;
				CLANG_WARN_BOOL_CONVERSION = YES;
				CLANG_WARN_CONSTANT_CONVERSION = YES;
				CLANG_WARN_DIRECT_OBJC_ISA_USAGE = YES_ERROR;
				CLANG_WARN_EMPTY_BODY = YES;
				CLANG_WARN_ENUM_CONVERSION = YES;
				CLANG_WARN_INT_CONVERSION = YES;
				CLANG_WARN_OBJC_ROOT_CLASS = YES_ERROR;
				CLANG_WARN_UNREACHABLE_CODE = YES;
				CLANG_WARN__DUPLICATE_METHOD_MATCH = YES;
				COPY_PHASE_STRIP = NO;
				DEBUG_INFORMATION_FORMAT = dwarf;
				ENABLE_STRICT_OBJC_MSGSEND = YES;
				GCC_C_LANGUAGE_STANDARD = gnu99;
				GCC_DYNAMIC_NO_PIC = NO;
				GCC_NO_COMMON_BLOCKS = YES;
				GCC_OPTIMIZATION_LEVEL = 0;
				GCC_PREPROCESSOR_DEFINITIONS = (
					"DEBUG=1",
					"$(inherited)",
				);
				GCC_SYMBOLS_PRIVATE_EXTERN = NO;
				GCC_WARN_64_TO_32_BIT_CONVERSION = YES;
				GCC_WARN_ABOUT_RETURN_TYPE = YES_ERROR;
				GCC_WARN_UNDECLARED_SELECTOR = YES;
				GCC_WARN_UNINITIALIZED_AUTOS = YES_AGGRESSIVE;
				GCC_WARN_UNUSED_FUNCTION = YES;
				GCC_WARN_UNUSED_VARIABLE = YES;
				MACOSX_DEPLOYMENT_TARGET = 10.10;
				MTL_ENABLE_DEBUG_INFO = YES;
				ONLY_ACTIVE_ARCH = YES;
				SDKROOT = macosx;
			};
			name = Debug;
		};
		FABB6EBB1DB36C8E00C7491F /* Release */ = {
			isa = XCBuildConfiguration;
			buildSettings = {
				ALWAYS_SEARCH_USER_PATHS = NO;
				CLANG_CXX_LANGUAGE_STANDARD = "gnu++0x";
				CLANG_CXX_LIBRARY = "libc++";
				CLANG_ENABLE_MODULES = YES;
				CLANG_ENABLE_OBJC_ARC = YES;
				CLANG_WARN_BOOL_CONVERSION = YES;
				CLANG_WARN_CONSTANT_CONVERSION = YES;
				CLANG_WARN_DIRECT_OBJC_ISA_USAGE = YES_ERROR;
				CLANG_WARN_EMPTY_BODY = YES;
				CLANG_WARN_ENUM_CONVERSION = YES;
				CLANG_WARN_INT_CONVERSION = YES;
				CLANG_WARN_OBJC_ROOT_CLASS = YES_ERROR;
				CLANG_WARN_UNREACHABLE_CODE = YES;
				CLANG_WARN__DUPLICATE_METHOD_MATCH = YES;
				COPY_PHASE_STRIP = NO;
				DEBUG_INFORMATION_FORMAT = "dwarf-with-dsym";
				ENABLE_NS_ASSERTIONS = NO;
				ENABLE_STRICT_OBJC_MSGSEND = YES;
				GCC_C_LANGUAGE_STANDARD = gnu99;
				GCC_NO_COMMON_BLOCKS = YES;
				GCC_WARN_64_TO_32_BIT_CONVERSION = YES;
				GCC_WARN_ABOUT_RETURN_TYPE = YES_ERROR;
				GCC_WARN_UNDECLARED_SELECTOR = YES;
				GCC_WARN_UNINITIALIZED_AUTOS = YES_AGGRESSIVE;
				GCC_WARN_UNUSED_FUNCTION = YES;
				GCC_WARN_UNUSED_VARIABLE = YES;
				MACOSX_DEPLOYMENT_TARGET = 10.10;
				MTL_ENABLE_DEBUG_INFO = NO;
				SDKROOT = macosx;
			};
			name = Release;
		};
		FABB6EBD1DB36C8E00C7491F /* Debug */ = {
			isa = XCBuildConfiguration;
			buildSettings = {
				PRODUCT_NAME = "$(TARGET_NAME)";
			};
			name = Debug;
		};
		FABB6EBE1DB36C8E00C7491F /* Release */ = {
			isa = XCBuildConfiguration;
			buildSettings = {
				PRODUCT_NAME = "$(TARGET_NAME)";
			};
			name = Release;
		};
/* End XCBuildConfiguration section */

/* Begin XCConfigurationList section */
		FABB6EB01DB36C8C00C7491F /* Build configuration list for PBXProject "liang18.c" */ = {
			isa = XCConfigurationList;
			buildConfigurations = (
				FABB6EBA1DB36C8E00C7491F /* Debug */,
				FABB6EBB1DB36C8E00C7491F /* Release */,
			);
			defaultConfigurationIsVisible = 0;
			defaultConfigurationName = Release;
		};
		FABB6EBC1DB36C8E00C7491F /* Build configuration list for PBXNativeTarget "liang18.c" */ = {
			isa = XCConfigurationList;
			buildConfigurations = (
				FABB6EBD1DB36C8E00C7491F /* Debug */,
				FABB6EBE1DB36C8E00C7491F /* Release */,
			);
			defaultConfigurationIsVisible = 0;
		};
/* End XCConfigurationList section */
	};
	rootObject = FABB6EAD1DB36C8C00C7491F /* Project object */;
}
